// !$*UTF8*$!
{
	archiveVersion = 1;
	classes = {
	};
	objectVersion = 46;
	objects = {

/* Begin PBXBuildFile section */
		9CD579861AF796EC0029C287 /* AppDelegate.swift in Sources */ = {isa = PBXBuildFile; fileRef = 9CD579851AF796EC0029C287 /* AppDelegate.swift */; };
		9CD579881AF796EC0029C287 /* ViewController.swift in Sources */ = {isa = PBXBuildFile; fileRef = 9CD579871AF796EC0029C287 /* ViewController.swift */; };
		9CD5798B1AF796EC0029C287 /* Main.storyboard in Resources */ = {isa = PBXBuildFile; fileRef = 9CD579891AF796EC0029C287 /* Main.storyboard */; };
		9CD5798D1AF796EC0029C287 /* Images.xcassets in Resources */ = {isa = PBXBuildFile; fileRef = 9CD5798C1AF796EC0029C287 /* Images.xcassets */; };
		9CD579901AF796EC0029C287 /* LaunchScreen.xib in Resources */ = {isa = PBXBuildFile; fileRef = 9CD5798E1AF796EC0029C287 /* LaunchScreen.xib */; };
		9CD579A61AF797170029C287 /* DKStickyHeaderView.swift in Sources */ = {isa = PBXBuildFile; fileRef = 9CD579A51AF797170029C287 /* DKStickyHeaderView.swift */; };
		9CDD3BEC1AF86CBD00FB2DED /* DKMenuController.swift in Sources */ = {isa = PBXBuildFile; fileRef = 9CDD3BEB1AF86CBD00FB2DED /* DKMenuController.swift */; };
/* End PBXBuildFile section */

/* Begin PBXFileReference section */
		9CD579801AF796EC0029C287 /* DKStickyHeaderView.app */ = {isa = PBXFileReference; explicitFileType = wrapper.application; includeInIndex = 0; path = DKStickyHeaderView.app; sourceTree = BUILT_PRODUCTS_DIR; };
		9CD579841AF796EC0029C287 /* Info.plist */ = {isa = PBXFileReference; lastKnownFileType = text.plist.xml; path = Info.plist; sourceTree = "<group>"; };
		9CD579851AF796EC0029C287 /* AppDelegate.swift */ = {isa = PBXFileReference; lastKnownFileType = sourcecode.swift; path = AppDelegate.swift; sourceTree = "<group>"; };
		9CD579871AF796EC0029C287 /* ViewController.swift */ = {isa = PBXFileReference; lastKnownFileType = sourcecode.swift; path = ViewController.swift; sourceTree = "<group>"; };
		9CD5798A1AF796EC0029C287 /* Base */ = {isa = PBXFileReference; lastKnownFileType = file.storyboard; name = Base; path = Base.lproj/Main.storyboard; sourceTree = "<group>"; };
		9CD5798C1AF796EC0029C287 /* Images.xcassets */ = {isa = PBXFileReference; lastKnownFileType = folder.assetcatalog; path = Images.xcassets; sourceTree = "<group>"; };
		9CD5798F1AF796EC0029C287 /* Base */ = {isa = PBXFileReference; lastKnownFileType = file.xib; name = Base; path = Base.lproj/LaunchScreen.xib; sourceTree = "<group>"; };
		9CD579A51AF797170029C287 /* DKStickyHeaderView.swift */ = {isa = PBXFileReference; fileEncoding = 4; lastKnownFileType = sourcecode.swift; path = DKStickyHeaderView.swift; sourceTree = "<group>"; };
		9CDD3BEB1AF86CBD00FB2DED /* DKMenuController.swift */ = {isa = PBXFileReference; fileEncoding = 4; lastKnownFileType = sourcecode.swift; path = DKMenuController.swift; sourceTree = "<group>"; };
/* End PBXFileReference section */

/* Begin PBXFrameworksBuildPhase section */
		9CD5797D1AF796EC0029C287 /* Frameworks */ = {
			isa = PBXFrameworksBuildPhase;
			buildActionMask = 2147483647;
			files = (
			);
			runOnlyForDeploymentPostprocessing = 0;
		};
/* End PBXFrameworksBuildPhase section */

/* Begin PBXGroup section */
		9CD579771AF796EC0029C287 = {
			isa = PBXGroup;
			children = (
				9CD579821AF796EC0029C287 /* DKStickyHeaderView */,
				9CD579811AF796EC0029C287 /* Products */,
			);
			sourceTree = "<group>";
		};
		9CD579811AF796EC0029C287 /* Products */ = {
			isa = PBXGroup;
			children = (
				9CD579801AF796EC0029C287 /* DKStickyHeaderView.app */,
			);
			name = Products;
			sourceTree = "<group>";
		};
		9CD579821AF796EC0029C287 /* DKStickyHeaderView */ = {
			isa = PBXGroup;
			children = (
				9CD579A51AF797170029C287 /* DKStickyHeaderView.swift */,
				9CD579851AF796EC0029C287 /* AppDelegate.swift */,
				9CD579871AF796EC0029C287 /* ViewController.swift */,
				9CDD3BEB1AF86CBD00FB2DED /* DKMenuController.swift */,
				9CD579891AF796EC0029C287 /* Main.storyboard */,
				9CD5798C1AF796EC0029C287 /* Images.xcassets */,
				9CD5798E1AF796EC0029C287 /* LaunchScreen.xib */,
				9CD579831AF796EC0029C287 /* Supporting Files */,
			);
			path = DKStickyHeaderView;
			sourceTree = "<group>";
		};
		9CD579831AF796EC0029C287 /* Supporting Files */ = {
			isa = PBXGroup;
			children = (
				9CD579841AF796EC0029C287 /* Info.plist */,
			);
			name = "Supporting Files";
			sourceTree = "<group>";
		};
/* End PBXGroup section */

/* Begin PBXNativeTarget section */
		9CD5797F1AF796EC0029C287 /* DKStickyHeaderView */ = {
			isa = PBXNativeTarget;
			buildConfigurationList = 9CD5799F1AF796EC0029C287 /* Build configuration list for PBXNativeTarget "DKStickyHeaderView" */;
			buildPhases = (
				9CD5797C1AF796EC0029C287 /* Sources */,
				9CD5797D1AF796EC0029C287 /* Frameworks */,
				9CD5797E1AF796EC0029C287 /* Resources */,
			);
			buildRules = (
			);
			dependencies = (
			);
			name = DKStickyHeaderView;
			productName = DKStickyHeaderView;
			productReference = 9CD579801AF796EC0029C287 /* DKStickyHeaderView.app */;
			productType = "com.apple.product-type.application";
		};
/* End PBXNativeTarget section */

/* Begin PBXProject section */
		9CD579781AF796EC0029C287 /* Project object */ = {
			isa = PBXProject;
			attributes = {
				LastSwiftUpdateCheck = 0710;
				LastUpgradeCheck = 0710;
				ORGANIZATIONNAME = ZhangAo;
				TargetAttributes = {
					9CD5797F1AF796EC0029C287 = {
						CreatedOnToolsVersion = 6.3.1;
					};
				};
			};
			buildConfigurationList = 9CD5797B1AF796EC0029C287 /* Build configuration list for PBXProject "DKStickyHeaderView" */;
			compatibilityVersion = "Xcode 3.2";
			developmentRegion = English;
			hasScannedForEncodings = 0;
			knownRegions = (
				en,
				Base,
			);
			mainGroup = 9CD579771AF796EC0029C287;
			productRefGroup = 9CD579811AF796EC0029C287 /* Products */;
			projectDirPath = "";
			projectRoot = "";
			targets = (
				9CD5797F1AF796EC0029C287 /* DKStickyHeaderView */,
			);
		};
/* End PBXProject section */

/* Begin PBXResourcesBuildPhase section */
		9CD5797E1AF796EC0029C287 /* Resources */ = {
			isa = PBXResourcesBuildPhase;
			buildActionMask = 2147483647;
			files = (
				9CD5798B1AF796EC0029C287 /* Main.storyboard in Resources */,
				9CD579901AF796EC0029C287 /* LaunchScreen.xib in Resources */,
				9CD5798D1AF796EC0029C287 /* Images.xcassets in Resources */,
			);
			runOnlyForDeploymentPostprocessing = 0;
		};
/* End PBXResourcesBuildPhase section */

/* Begin PBXSourcesBuildPhase section */
		9CD5797C1AF796EC0029C287 /* Sources */ = {
			isa = PBXSourcesBuildPhase;
			buildActionMask = 2147483647;
			files = (
				9CD579881AF796EC0029C287 /* ViewController.swift in Sources */,
				9CDD3BEC1AF86CBD00FB2DED /* DKMenuController.swift in Sources */,
				9CD579861AF796EC0029C287 /* AppDelegate.swift in Sources */,
				9CD579A61AF797170029C287 /* DKStickyHeaderView.swift in Sources */,
			);
			runOnlyForDeploymentPostprocessing = 0;
		};
/* End PBXSourcesBuildPhase section */

/* Begin PBXVariantGroup section */
		9CD579891AF796EC0029C287 /* Main.storyboard */ = {
			isa = PBXVariantGroup;
			children = (
				9CD5798A1AF796EC0029C287 /* Base */,
			);
			name = Main.storyboard;
			sourceTree = "<group>";
		};
		9CD5798E1AF796EC0029C287 /* LaunchScreen.xib */ = {
			isa = PBXVariantGroup;
			children = (
				9CD5798F1AF796EC0029C287 /* Base */,
			);
			name = LaunchScreen.xib;
			sourceTree = "<group>";
		};
/* End PBXVariantGroup section */

/* Begin XCBuildConfiguration section */
		9CD5799D1AF796EC0029C287 /* Debug */ = {
			isa = XCBuildConfiguration;
			buildSettings = {
				ALWAYS_SEARCH_USER_PATHS = NO;
				CLANG_CXX_LANGUAGE_STANDARD = "gnu++0x";
				CLANG_CXX_LIBRARY = "libc++";
				CLANG_ENABLE_MODULES = YES;
				CLANG_ENABLE_OBJC_ARC = YES;
				CLANG_WARN_BOOL_CONVERSION = YES;
				CLANG_WARN_CONSTANT_CONVERSION = YES;
				CLANG_WARN_DIRECT_OBJC_ISA_USAGE = YES_ERROR;
				CLANG_WARN_EMPTY_BODY = YES;
				CLANG_WARN_ENUM_CONVERSION = YES;
				CLANG_WARN_INT_CONVERSION = YES;
				CLANG_WARN_OBJC_ROOT_CLASS = YES_ERROR;
				CLANG_WARN_UNREACHABLE_CODE = YES;
				CLANG_WARN__DUPLICATE_METHOD_MATCH = YES;
				"CODE_SIGN_IDENTITY[sdk=iphoneos*]" = "iPhone Developer";
				COPY_PHASE_STRIP = NO;
				DEBUG_INFORMATION_FORMAT = "dwarf-with-dsym";
				ENABLE_STRICT_OBJC_MSGSEND = YES;
				ENABLE_TESTABILITY = YES;
				GCC_C_LANGUAGE_STANDARD = gnu99;
				GCC_DYNAMIC_NO_PIC = NO;
				GCC_NO_COMMON_BLOCKS = YES;
				GCC_OPTIMIZATION_LEVEL = 0;
				GCC_PREPROCESSOR_DEFINITIONS = (
					"DEBUG=1",
					"$(inherited)",
				);
				GCC_SYMBOLS_PRIVATE_EXTERN = NO;
				GCC_WARN_64_TO_32_BIT_CONVERSION = YES;
				GCC_WARN_ABOUT_RETURN_TYPE = YES_ERROR;
				GCC_WARN_UNDECLARED_SELECTOR = YES;
				GCC_WARN_UNINITIALIZED_AUTOS = YES_AGGRESSIVE;
				GCC_WARN_UNUSED_FUNCTION = YES;
				GCC_WARN_UNUSED_VARIABLE = YES;
				IPHONEOS_DEPLOYMENT_TARGET = 8.3;
				MTL_ENABLE_DEBUG_INFO = YES;
				ONLY_ACTIVE_ARCH = YES;
				SDKROOT = iphoneos;
				SWIFT_OPTIMIZATION_LEVEL = "-Onone";
				TARGETED_DEVICE_FAMILY = "1,2";
			};
			name = Debug;
		};
		9CD5799E1AF796EC0029C287 /* Release */ = {
			isa = XCBuildConfiguration;
			buildSettings = {
				ALWAYS_SEARCH_USER_PATHS = NO;
				CLANG_CXX_LANGUAGE_STANDARD = "gnu++0x";
				CLANG_CXX_LIBRARY = "libc++";
				CLANG_ENABLE_MODULES = YES;
				CLANG_ENABLE_OBJC_ARC = YES;
				CLANG_WARN_BOOL_CONVERSION = YES;
				CLANG_WARN_CONSTANT_CONVERSION = YES;
				CLANG_WARN_DIRECT_OBJC_ISA_USAGE = YES_ERROR;
				CLANG_WARN_EMPTY_BODY = YES;
				CLANG_WARN_ENUM_CONVERSION = YES;
				CLANG_WARN_INT_CONVERSION = YES;
				CLANG_WARN_OBJC_ROOT_CLASS = YES_ERROR;
				CLANG_WARN_UNREACHABLE_CODE = YES;
				CLANG_WARN__DUPLICATE_METHOD_MATCH = YES;
				"CODE_SIGN_IDENTITY[sdk=iphoneos*]" = "iPhone Developer";
				COPY_PHASE_STRIP = NO;
				DEBUG_INFORMATION_FORMAT = "dwarf-with-dsym";
				ENABLE_NS_ASSERTIONS = NO;
				ENABLE_STRICT_OBJC_MSGSEND = YES;
				GCC_C_LANGUAGE_STANDARD = gnu99;
				GCC_NO_COMMON_BLOCKS = YES;
				GCC_WARN_64_TO_32_BIT_CONVERSION = YES;
				GCC_WARN_ABOUT_RETURN_TYPE = YES_ERROR;
				GCC_WARN_UNDECLARED_SELECTOR = YES;
				GCC_WARN_UNINITIALIZED_AUTOS = YES_AGGRESSIVE;
				GCC_WARN_UNUSED_FUNCTION = YES;
				GCC_WARN_UNUSED_VARIABLE = YES;
				IPHONEOS_DEPLOYMENT_TARGET = 8.3;
				MTL_ENABLE_DEBUG_INFO = NO;
				SDKROOT = iphoneos;
				TARGETED_DEVICE_FAMILY = "1,2";
				VALIDATE_PRODUCT = YES;
			};
			name = Release;
		};
		9CD579A01AF796EC0029C287 /* Debug */ = {
			isa = XCBuildConfiguration;
			buildSettings = {
				ASSETCATALOG_COMPILER_APPICON_NAME = AppIcon;
				INFOPLIST_FILE = DKStickyHeaderView/Info.plist;
				LD_RUNPATH_SEARCH_PATHS = "$(inherited) @executable_path/Frameworks";
				PRODUCT_BUNDLE_IDENTIFIER = "zhangao.$(PRODUCT_NAME:rfc1034identifier)";
				PRODUCT_NAME = "$(TARGET_NAME)";
			};
			name = Debug;
		};
		9CD579A11AF796EC0029C287 /* Release */ = {
			isa = XCBuildConfiguration;
			buildSettings = {
				ASSETCATALOG_COMPILER_APPICON_NAME = AppIcon;
				INFOPLIST_FILE = DKStickyHeaderView/Info.plist;
				LD_RUNPATH_SEARCH_PATHS = "$(inherited) @executable_path/Frameworks";
				PRODUCT_BUNDLE_IDENTIFIER = "zhangao.$(PRODUCT_NAME:rfc1034identifier)";
				PRODUCT_NAME = "$(TARGET_NAME)";
			};
			name = Release;
		};
/* End XCBuildConfiguration section */

/* Begin XCConfigurationList section */
		9CD5797B1AF796EC0029C287 /* Build configuration list for PBXProject "DKStickyHeaderView" */ = {
			isa = XCConfigurationList;
			buildConfigurations = (
				9CD5799D1AF796EC0029C287 /* Debug */,
				9CD5799E1AF796EC0029C287 /* Release */,
			);
			defaultConfigurationIsVisible = 0;
			defaultConfigurationName = Release;
		};
		9CD5799F1AF796EC0029C287 /* Build configuration list for PBXNativeTarget "DKStickyHeaderView" */ = {
			isa = XCConfigurationList;
			buildConfigurations = (
				9CD579A01AF796EC0029C287 /* Debug */,
				9CD579A11AF796EC0029C287 /* Release */,
			);
			defaultConfigurationIsVisible = 0;
			defaultConfigurationName = Release;
		};
/* End XCConfigurationList section */
	};
	rootObject = 9CD579781AF796EC0029C287 /* Project object */;
}
